
Microsoft Visual Studio Solution File, Format Version 12.00
# Visual Studio Version 16
VisualStudioVersion = 16.0.30413.136
MinimumVisualStudioVersion = 10.0.40219.1
Project("{FAE04EC0-301F-11D3-BF4B-00C04F79EFBC}") = "timuocso", "timuocso.csproj", "{16C57CD1-EAB1-41E9-AA6D-E247FE3992A8}"
EndProject
Project("{9A19103F-16F7-4668-BE54-9A1E7A4F7556}") = "tong2so", "..\tong2so\tong2so.csproj", "{283C3372-7C56-4A23-B9CD-7AA35BE7EDFB}"
EndProject
Global
	GlobalSection(SolutionConfigurationPlatforms) = preSolution
		Debug|Any CPU = Debug|Any CPU
		Release|Any CPU = Release|Any CPU
	EndGlobalSection
	GlobalSection(ProjectConfigurationPlatforms) = postSolution
		{16C57CD1-EAB1-41E9-AA6D-E247FE3992A8}.Debug|Any CPU.ActiveCfg = Debug|Any CPU
		{16C57CD1-EAB1-41E9-AA6D-E247FE3992A8}.Debug|Any CPU.Build.0 = Debug|Any CPU
		{16C57CD1-EAB1-41E9-AA6D-E247FE3992A8}.Release|Any CPU.ActiveCfg = Release|Any CPU
		{16C57CD1-EAB1-41E9-AA6D-E247FE3992A8}.Release|Any CPU.Build.0 = Release|Any CPU
		{283C3372-7C56-4A23-B9CD-7AA35BE7EDFB}.Debug|Any CPU.ActiveCfg = Debug|Any CPU
		{283C3372-7C56-4A23-B9CD-7AA35BE7EDFB}.Debug|Any CPU.Build.0 = Debug|Any CPU
		{283C3372-7C56-4A23-B9CD-7AA35BE7EDFB}.Release|Any CPU.ActiveCfg = Release|Any CPU
		{283C3372-7C56-4A23-B9CD-7AA35BE7EDFB}.Release|Any CPU.Build.0 = Release|Any CPU
	EndGlobalSection
	GlobalSection(SolutionProperties) = preSolution
		HideSolutionNode = FALSE
	EndGlobalSection
	GlobalSection(ExtensibilityGlobals) = postSolution
		SolutionGuid = {B1DBC4B3-44B5-475D-B0B7-D7D90F7C349E}
	EndGlobalSection
EndGlobal
